
Microsoft Visual Studio Solution File, Format Version 12.00
# Visual Studio Version 17
VisualStudioVersion = 17.4.33213.308
MinimumVisualStudioVersion = 10.0.40219.1
Project("{FAE04EC0-301F-11D3-BF4B-00C04F79EFBC}") = "Project_Customer_GUI", "Project_Customer\Project_Customer_GUI.csproj", "{B4FC143D-E68C-4FAD-A6FE-53CCE56D5E19}"
EndProject
Global
	GlobalSection(SolutionConfigurationPlatforms) = preSolution
		Debug|Any CPU = Debug|Any CPU
		Release|Any CPU = Release|Any CPU
	EndGlobalSection
	GlobalSection(ProjectConfigurationPlatforms) = postSolution
		{B4FC143D-E68C-4FAD-A6FE-53CCE56D5E19}.Debug|Any CPU.ActiveCfg = Debug|Any CPU
		{B4FC143D-E68C-4FAD-A6FE-53CCE56D5E19}.Debug|Any CPU.Build.0 = Debug|Any CPU
		{B4FC143D-E68C-4FAD-A6FE-53CCE56D5E19}.Release|Any CPU.ActiveCfg = Release|Any CPU
		{B4FC143D-E68C-4FAD-A6FE-53CCE56D5E19}.Release|Any CPU.Build.0 = Release|Any CPU
	EndGlobalSection
	GlobalSection(SolutionProperties) = preSolution
		HideSolutionNode = FALSE
	EndGlobalSection
	GlobalSection(ExtensibilityGlobals) = postSolution
		SolutionGuid = {731E1B17-8EFB-44C2-BEBF-BEBB33BFA74D}
	EndGlobalSection
EndGlobal
